
Microsoft Visual Studio Solution File, Format Version 12.00
# Visual Studio Version 16
VisualStudioVersion = 16.0.30002.166
MinimumVisualStudioVersion = 15.0.26124.0
Project("{2150E333-8FDC-42A3-9474-1A3956D46DE8}") = "Src", "Src", "{B69BBB03-8793-4460-91A8-5000AD662578}"
EndProject
Project("{2150E333-8FDC-42A3-9474-1A3956D46DE8}") = "Services", "Services", "{4A56591D-D95B-4569-97DA-CCF3283E4F5F}"
EndProject
Project("{2150E333-8FDC-42A3-9474-1A3956D46DE8}") = "Identity", "Identity", "{DE0A128E-D219-41E0-B5E4-963F589B51F5}"
EndProject
Project("{9A19103F-16F7-4668-BE54-9A1E7A4F7556}") = "EcoSys.Identity.API", "Services\Identity\EcoSys.Identity.API\EcoSys.Identity.API.csproj", "{0B438F88-7400-4FA1-8F32-0BCB92BBCCDE}"
EndProject
Global
	GlobalSection(SolutionConfigurationPlatforms) = preSolution
		Debug|Any CPU = Debug|Any CPU
		Debug|x64 = Debug|x64
		Debug|x86 = Debug|x86
		Release|Any CPU = Release|Any CPU
		Release|x64 = Release|x64
		Release|x86 = Release|x86
	EndGlobalSection
	GlobalSection(ProjectConfigurationPlatforms) = postSolution
		{0B438F88-7400-4FA1-8F32-0BCB92BBCCDE}.Debug|Any CPU.ActiveCfg = Debug|Any CPU
		{0B438F88-7400-4FA1-8F32-0BCB92BBCCDE}.Debug|Any CPU.Build.0 = Debug|Any CPU
		{0B438F88-7400-4FA1-8F32-0BCB92BBCCDE}.Debug|x64.ActiveCfg = Debug|Any CPU
		{0B438F88-7400-4FA1-8F32-0BCB92BBCCDE}.Debug|x64.Build.0 = Debug|Any CPU
		{0B438F88-7400-4FA1-8F32-0BCB92BBCCDE}.Debug|x86.ActiveCfg = Debug|Any CPU
		{0B438F88-7400-4FA1-8F32-0BCB92BBCCDE}.Debug|x86.Build.0 = Debug|Any CPU
		{0B438F88-7400-4FA1-8F32-0BCB92BBCCDE}.Release|Any CPU.ActiveCfg = Release|Any CPU
		{0B438F88-7400-4FA1-8F32-0BCB92BBCCDE}.Release|Any CPU.Build.0 = Release|Any CPU
		{0B438F88-7400-4FA1-8F32-0BCB92BBCCDE}.Release|x64.ActiveCfg = Release|Any CPU
		{0B438F88-7400-4FA1-8F32-0BCB92BBCCDE}.Release|x64.Build.0 = Release|Any CPU
		{0B438F88-7400-4FA1-8F32-0BCB92BBCCDE}.Release|x86.ActiveCfg = Release|Any CPU
		{0B438F88-7400-4FA1-8F32-0BCB92BBCCDE}.Release|x86.Build.0 = Release|Any CPU
	EndGlobalSection
	GlobalSection(SolutionProperties) = preSolution
		HideSolutionNode = FALSE
	EndGlobalSection
	GlobalSection(NestedProjects) = preSolution
		{4A56591D-D95B-4569-97DA-CCF3283E4F5F} = {B69BBB03-8793-4460-91A8-5000AD662578}
		{DE0A128E-D219-41E0-B5E4-963F589B51F5} = {4A56591D-D95B-4569-97DA-CCF3283E4F5F}
		{0B438F88-7400-4FA1-8F32-0BCB92BBCCDE} = {DE0A128E-D219-41E0-B5E4-963F589B51F5}
	EndGlobalSection
	GlobalSection(ExtensibilityGlobals) = postSolution
		SolutionGuid = {B7CE2033-51FD-4CAF-A851-5E7C8AF999B8}
	EndGlobalSection
EndGlobal
